
Microsoft Visual Studio Solution File, Format Version 12.00
# Visual Studio Version 17
VisualStudioVersion = 17.0.31903.59
MinimumVisualStudioVersion = 10.0.40219.1
Project("{2150E333-8FDC-42A3-9474-1A3956D46DE8}") = "src", "src", "{19E85BEC-7A06-4C61-9E81-40D7E8779A28}"
EndProject
Project("{FAE04EC0-301F-11D3-BF4B-00C04F79EFBC}") = "Alpha", "src\Alpha\Alpha.csproj", "{913B6389-E95A-4E17-9DA1-36E391354E78}"
EndProject
Project("{FAE04EC0-301F-11D3-BF4B-00C04F79EFBC}") = "Beta", "src\Beta\Beta.csproj", "{87CECF50-9024-4AB6-9501-172BCA33E391}"
EndProject
Project("{FAE04EC0-301F-11D3-BF4B-00C04F79EFBC}") = "Shared", "src\Shared\Shared.csproj", "{1C335BD6-98E4-4C24-8F40-3F0B7AFA7332}"
EndProject
Global
	GlobalSection(SolutionConfigurationPlatforms) = preSolution
		Debug|Any CPU = Debug|Any CPU
		Release|Any CPU = Release|Any CPU
	EndGlobalSection
	GlobalSection(SolutionProperties) = preSolution
		HideSolutionNode = FALSE
	EndGlobalSection
	GlobalSection(ProjectConfigurationPlatforms) = postSolution
		{913B6389-E95A-4E17-9DA1-36E391354E78}.Debug|Any CPU.ActiveCfg = Debug|Any CPU
		{913B6389-E95A-4E17-9DA1-36E391354E78}.Debug|Any CPU.Build.0 = Debug|Any CPU
		{913B6389-E95A-4E17-9DA1-36E391354E78}.Release|Any CPU.ActiveCfg = Release|Any CPU
		{913B6389-E95A-4E17-9DA1-36E391354E78}.Release|Any CPU.Build.0 = Release|Any CPU
		{87CECF50-9024-4AB6-9501-172BCA33E391}.Debug|Any CPU.ActiveCfg = Debug|Any CPU
		{87CECF50-9024-4AB6-9501-172BCA33E391}.Debug|Any CPU.Build.0 = Debug|Any CPU
		{87CECF50-9024-4AB6-9501-172BCA33E391}.Release|Any CPU.ActiveCfg = Release|Any CPU
		{87CECF50-9024-4AB6-9501-172BCA33E391}.Release|Any CPU.Build.0 = Release|Any CPU
		{1C335BD6-98E4-4C24-8F40-3F0B7AFA7332}.Debug|Any CPU.ActiveCfg = Debug|Any CPU
		{1C335BD6-98E4-4C24-8F40-3F0B7AFA7332}.Debug|Any CPU.Build.0 = Debug|Any CPU
		{1C335BD6-98E4-4C24-8F40-3F0B7AFA7332}.Release|Any CPU.ActiveCfg = Release|Any CPU
		{1C335BD6-98E4-4C24-8F40-3F0B7AFA7332}.Release|Any CPU.Build.0 = Release|Any CPU
	EndGlobalSection
	GlobalSection(NestedProjects) = preSolution
		{913B6389-E95A-4E17-9DA1-36E391354E78} = {19E85BEC-7A06-4C61-9E81-40D7E8779A28}
		{87CECF50-9024-4AB6-9501-172BCA33E391} = {19E85BEC-7A06-4C61-9E81-40D7E8779A28}
		{1C335BD6-98E4-4C24-8F40-3F0B7AFA7332} = {19E85BEC-7A06-4C61-9E81-40D7E8779A28}
	EndGlobalSection
EndGlobal
